// !$*UTF8*$!
{
	archiveVersion = 1;
	classes = {
	};
	objectVersion = 46;
	objects = {

/* Begin PBXBuildFile section */
		970CE4321DEE21AB00A479A7 /* AppDelegate.swift in Sources */ = {isa = PBXBuildFile; fileRef = 970CE4311DEE21AB00A479A7 /* AppDelegate.swift */; };
		970CE4341DEE21AB00A479A7 /* ViewController.swift in Sources */ = {isa = PBXBuildFile; fileRef = 970CE4331DEE21AB00A479A7 /* ViewController.swift */; };
		970CE4371DEE21AB00A479A7 /* Main.storyboard in Resources */ = {isa = PBXBuildFile; fileRef = 970CE4351DEE21AB00A479A7 /* Main.storyboard */; };
		970CE4391DEE21AB00A479A7 /* Assets.xcassets in Resources */ = {isa = PBXBuildFile; fileRef = 970CE4381DEE21AB00A479A7 /* Assets.xcassets */; };
		970CE43C1DEE21AB00A479A7 /* LaunchScreen.storyboard in Resources */ = {isa = PBXBuildFile; fileRef = 970CE43A1DEE21AB00A479A7 /* LaunchScreen.storyboard */; };
		973DC3C71E0089C600FDF612 /* MyTableViewController.swift in Sources */ = {isa = PBXBuildFile; fileRef = 973DC3C61E0089C600FDF612 /* MyTableViewController.swift */; };
		973DC3C91E008CB900FDF612 /* MyTableViewCell.swift in Sources */ = {isa = PBXBuildFile; fileRef = 973DC3C81E008CB900FDF612 /* MyTableViewCell.swift */; };
		97E8B3811E008E87009CF374 /* CrearTareaViewController.swift in Sources */ = {isa = PBXBuildFile; fileRef = 97E8B3801E008E87009CF374 /* CrearTareaViewController.swift */; };
/* End PBXBuildFile section */

/* Begin PBXFileReference section */
		970CE42E1DEE21AB00A479A7 /* ListaTareas.app */ = {isa = PBXFileReference; explicitFileType = wrapper.application; includeInIndex = 0; path = ListaTareas.app; sourceTree = BUILT_PRODUCTS_DIR; };
		970CE4311DEE21AB00A479A7 /* AppDelegate.swift */ = {isa = PBXFileReference; lastKnownFileType = sourcecode.swift; path = AppDelegate.swift; sourceTree = "<group>"; };
		970CE4331DEE21AB00A479A7 /* ViewController.swift */ = {isa = PBXFileReference; lastKnownFileType = sourcecode.swift; path = ViewController.swift; sourceTree = "<group>"; };
		970CE4361DEE21AB00A479A7 /* Base */ = {isa = PBXFileReference; lastKnownFileType = file.storyboard; name = Base; path = Base.lproj/Main.storyboard; sourceTree = "<group>"; };
		970CE4381DEE21AB00A479A7 /* Assets.xcassets */ = {isa = PBXFileReference; lastKnownFileType = folder.assetcatalog; path = Assets.xcassets; sourceTree = "<group>"; };
		970CE43B1DEE21AB00A479A7 /* Base */ = {isa = PBXFileReference; lastKnownFileType = file.storyboard; name = Base; path = Base.lproj/LaunchScreen.storyboard; sourceTree = "<group>"; };
		970CE43D1DEE21AB00A479A7 /* Info.plist */ = {isa = PBXFileReference; lastKnownFileType = text.plist.xml; path = Info.plist; sourceTree = "<group>"; };
		973DC3C61E0089C600FDF612 /* MyTableViewController.swift */ = {isa = PBXFileReference; fileEncoding = 4; lastKnownFileType = sourcecode.swift; path = MyTableViewController.swift; sourceTree = "<group>"; };
		973DC3C81E008CB900FDF612 /* MyTableViewCell.swift */ = {isa = PBXFileReference; fileEncoding = 4; lastKnownFileType = sourcecode.swift; path = MyTableViewCell.swift; sourceTree = "<group>"; };
		97E8B3801E008E87009CF374 /* CrearTareaViewController.swift */ = {isa = PBXFileReference; fileEncoding = 4; lastKnownFileType = sourcecode.swift; path = CrearTareaViewController.swift; sourceTree = "<group>"; };
/* End PBXFileReference section */

/* Begin PBXFrameworksBuildPhase section */
		970CE42B1DEE21AB00A479A7 /* Frameworks */ = {
			isa = PBXFrameworksBuildPhase;
			buildActionMask = 2147483647;
			files = (
			);
			runOnlyForDeploymentPostprocessing = 0;
		};
/* End PBXFrameworksBuildPhase section */

/* Begin PBXGroup section */
		970CE4251DEE21AB00A479A7 = {
			isa = PBXGroup;
			children = (
				970CE4301DEE21AB00A479A7 /* ListaTareas */,
				970CE42F1DEE21AB00A479A7 /* Products */,
			);
			sourceTree = "<group>";
		};
		970CE42F1DEE21AB00A479A7 /* Products */ = {
			isa = PBXGroup;
			children = (
				970CE42E1DEE21AB00A479A7 /* ListaTareas.app */,
			);
			name = Products;
			sourceTree = "<group>";
		};
		970CE4301DEE21AB00A479A7 /* ListaTareas */ = {
			isa = PBXGroup;
			children = (
				970CE4311DEE21AB00A479A7 /* AppDelegate.swift */,
				970CE4331DEE21AB00A479A7 /* ViewController.swift */,
				970CE4351DEE21AB00A479A7 /* Main.storyboard */,
				970CE4381DEE21AB00A479A7 /* Assets.xcassets */,
				970CE43A1DEE21AB00A479A7 /* LaunchScreen.storyboard */,
				970CE43D1DEE21AB00A479A7 /* Info.plist */,
				973DC3C61E0089C600FDF612 /* MyTableViewController.swift */,
				973DC3C81E008CB900FDF612 /* MyTableViewCell.swift */,
				97E8B3801E008E87009CF374 /* CrearTareaViewController.swift */,
			);
			path = ListaTareas;
			sourceTree = "<group>";
		};
/* End PBXGroup section */

/* Begin PBXNativeTarget section */
		970CE42D1DEE21AB00A479A7 /* ListaTareas */ = {
			isa = PBXNativeTarget;
			buildConfigurationList = 970CE4401DEE21AB00A479A7 /* Build configuration list for PBXNativeTarget "ListaTareas" */;
			buildPhases = (
				970CE42A1DEE21AB00A479A7 /* Sources */,
				970CE42B1DEE21AB00A479A7 /* Frameworks */,
				970CE42C1DEE21AB00A479A7 /* Resources */,
			);
			buildRules = (
			);
			dependencies = (
			);
			name = ListaTareas;
			productName = ListaTareas;
			productReference = 970CE42E1DEE21AB00A479A7 /* ListaTareas.app */;
			productType = "com.apple.product-type.application";
		};
/* End PBXNativeTarget section */

/* Begin PBXProject section */
		970CE4261DEE21AB00A479A7 /* Project object */ = {
			isa = PBXProject;
			attributes = {
				LastSwiftUpdateCheck = 0810;
				LastUpgradeCheck = 0810;
				ORGANIZATIONNAME = "Mikel Ereño";
				TargetAttributes = {
					970CE42D1DEE21AB00A479A7 = {
						CreatedOnToolsVersion = 8.1;
						DevelopmentTeam = GLU2Z7NT53;
						ProvisioningStyle = Automatic;
					};
				};
			};
			buildConfigurationList = 970CE4291DEE21AB00A479A7 /* Build configuration list for PBXProject "ListaTareas" */;
			compatibilityVersion = "Xcode 3.2";
			developmentRegion = English;
			hasScannedForEncodings = 0;
			knownRegions = (
				en,
				Base,
			);
			mainGroup = 970CE4251DEE21AB00A479A7;
			productRefGroup = 970CE42F1DEE21AB00A479A7 /* Products */;
			projectDirPath = "";
			projectRoot = "";
			targets = (
				970CE42D1DEE21AB00A479A7 /* ListaTareas */,
			);
		};
/* End PBXProject section */

/* Begin PBXResourcesBuildPhase section */
		970CE42C1DEE21AB00A479A7 /* Resources */ = {
			isa = PBXResourcesBuildPhase;
			buildActionMask = 2147483647;
			files = (
				970CE43C1DEE21AB00A479A7 /* LaunchScreen.storyboard in Resources */,
				970CE4391DEE21AB00A479A7 /* Assets.xcassets in Resources */,
				970CE4371DEE21AB00A479A7 /* Main.storyboard in Resources */,
			);
			runOnlyForDeploymentPostprocessing = 0;
		};
/* End PBXResourcesBuildPhase section */

/* Begin PBXSourcesBuildPhase section */
		970CE42A1DEE21AB00A479A7 /* Sources */ = {
			isa = PBXSourcesBuildPhase;
			buildActionMask = 2147483647;
			files = (
				97E8B3811E008E87009CF374 /* CrearTareaViewController.swift in Sources */,
				970CE4341DEE21AB00A479A7 /* ViewController.swift in Sources */,
				973DC3C91E008CB900FDF612 /* MyTableViewCell.swift in Sources */,
				973DC3C71E0089C600FDF612 /* MyTableViewController.swift in Sources */,
				970CE4321DEE21AB00A479A7 /* AppDelegate.swift in Sources */,
			);
			runOnlyForDeploymentPostprocessing = 0;
		};
/* End PBXSourcesBuildPhase section */

/* Begin PBXVariantGroup section */
		970CE4351DEE21AB00A479A7 /* Main.storyboard */ = {
			isa = PBXVariantGroup;
			children = (
				970CE4361DEE21AB00A479A7 /* Base */,
			);
			name = Main.storyboard;
			sourceTree = "<group>";
		};
		970CE43A1DEE21AB00A479A7 /* LaunchScreen.storyboard */ = {
			isa = PBXVariantGroup;
			children = (
				970CE43B1DEE21AB00A479A7 /* Base */,
			);
			name = LaunchScreen.storyboard;
			sourceTree = "<group>";
		};
/* End PBXVariantGroup section */

/* Begin XCBuildConfiguration section */
		970CE43E1DEE21AB00A479A7 /* Debug */ = {
			isa = XCBuildConfiguration;
			buildSettings = {
				ALWAYS_SEARCH_USER_PATHS = NO;
				CLANG_ANALYZER_NONNULL = YES;
				CLANG_CXX_LANGUAGE_STANDARD = "gnu++0x";
				CLANG_CXX_LIBRARY = "libc++";
				CLANG_ENABLE_MODULES = YES;
				CLANG_ENABLE_OBJC_ARC = YES;
				CLANG_WARN_BOOL_CONVERSION = YES;
				CLANG_WARN_CONSTANT_CONVERSION = YES;
				CLANG_WARN_DIRECT_OBJC_ISA_USAGE = YES_ERROR;
				CLANG_WARN_DOCUMENTATION_COMMENTS = YES;
				CLANG_WARN_EMPTY_BODY = YES;
				CLANG_WARN_ENUM_CONVERSION = YES;
				CLANG_WARN_INFINITE_RECURSION = YES;
				CLANG_WARN_INT_CONVERSION = YES;
				CLANG_WARN_OBJC_ROOT_CLASS = YES_ERROR;
				CLANG_WARN_SUSPICIOUS_MOVES = YES;
				CLANG_WARN_UNREACHABLE_CODE = YES;
				CLANG_WARN__DUPLICATE_METHOD_MATCH = YES;
				"CODE_SIGN_IDENTITY[sdk=iphoneos*]" = "iPhone Developer";
				COPY_PHASE_STRIP = NO;
				DEBUG_INFORMATION_FORMAT = dwarf;
				ENABLE_STRICT_OBJC_MSGSEND = YES;
				ENABLE_TESTABILITY = YES;
				GCC_C_LANGUAGE_STANDARD = gnu99;
				GCC_DYNAMIC_NO_PIC = NO;
				GCC_NO_COMMON_BLOCKS = YES;
				GCC_OPTIMIZATION_LEVEL = 0;
				GCC_PREPROCESSOR_DEFINITIONS = (
					"DEBUG=1",
					"$(inherited)",
				);
				GCC_WARN_64_TO_32_BIT_CONVERSION = YES;
				GCC_WARN_ABOUT_RETURN_TYPE = YES_ERROR;
				GCC_WARN_UNDECLARED_SELECTOR = YES;
				GCC_WARN_UNINITIALIZED_AUTOS = YES_AGGRESSIVE;
				GCC_WARN_UNUSED_FUNCTION = YES;
				GCC_WARN_UNUSED_VARIABLE = YES;
				IPHONEOS_DEPLOYMENT_TARGET = 10.1;
				MTL_ENABLE_DEBUG_INFO = YES;
				ONLY_ACTIVE_ARCH = YES;
				SDKROOT = iphoneos;
				SWIFT_ACTIVE_COMPILATION_CONDITIONS = DEBUG;
				SWIFT_OPTIMIZATION_LEVEL = "-Onone";
			};
			name = Debug;
		};
		970CE43F1DEE21AB00A479A7 /* Release */ = {
			isa = XCBuildConfiguration;
			buildSettings = {
				ALWAYS_SEARCH_USER_PATHS = NO;
				CLANG_ANALYZER_NONNULL = YES;
				CLANG_CXX_LANGUAGE_STANDARD = "gnu++0x";
				CLANG_CXX_LIBRARY = "libc++";
				CLANG_ENABLE_MODULES = YES;
				CLANG_ENABLE_OBJC_ARC = YES;
				CLANG_WARN_BOOL_CONVERSION = YES;
				CLANG_WARN_CONSTANT_CONVERSION = YES;
				CLANG_WARN_DIRECT_OBJC_ISA_USAGE = YES_ERROR;
				CLANG_WARN_DOCUMENTATION_COMMENTS = YES;
				CLANG_WARN_EMPTY_BODY = YES;
				CLANG_WARN_ENUM_CONVERSION = YES;
				CLANG_WARN_INFINITE_RECURSION = YES;
				CLANG_WARN_INT_CONVERSION = YES;
				CLANG_WARN_OBJC_ROOT_CLASS = YES_ERROR;
				CLANG_WARN_SUSPICIOUS_MOVES = YES;
				CLANG_WARN_UNREACHABLE_CODE = YES;
				CLANG_WARN__DUPLICATE_METHOD_MATCH = YES;
				"CODE_SIGN_IDENTITY[sdk=iphoneos*]" = "iPhone Developer";
				COPY_PHASE_STRIP = NO;
				DEBUG_INFORMATION_FORMAT = "dwarf-with-dsym";
				ENABLE_NS_ASSERTIONS = NO;
				ENABLE_STRICT_OBJC_MSGSEND = YES;
				GCC_C_LANGUAGE_STANDARD = gnu99;
				GCC_NO_COMMON_BLOCKS = YES;
				GCC_WARN_64_TO_32_BIT_CONVERSION = YES;
				GCC_WARN_ABOUT_RETURN_TYPE = YES_ERROR;
				GCC_WARN_UNDECLARED_SELECTOR = YES;
				GCC_WARN_UNINITIALIZED_AUTOS = YES_AGGRESSIVE;
				GCC_WARN_UNUSED_FUNCTION = YES;
				GCC_WARN_UNUSED_VARIABLE = YES;
				IPHONEOS_DEPLOYMENT_TARGET = 10.1;
				MTL_ENABLE_DEBUG_INFO = NO;
				SDKROOT = iphoneos;
				SWIFT_OPTIMIZATION_LEVEL = "-Owholemodule";
				VALIDATE_PRODUCT = YES;
			};
			name = Release;
		};
		970CE4411DEE21AB00A479A7 /* Debug */ = {
			isa = XCBuildConfiguration;
			buildSettings = {
				ASSETCATALOG_COMPILER_APPICON_NAME = AppIcon;
				"CODE_SIGN_IDENTITY[sdk=iphoneos*]" = "iPhone Developer";
				DEVELOPMENT_TEAM = GLU2Z7NT53;
				INFOPLIST_FILE = ListaTareas/Info.plist;
				LD_RUNPATH_SEARCH_PATHS = "$(inherited) @executable_path/Frameworks";
				PRODUCT_BUNDLE_IDENTIFIER = com.MikelEreno.ListaTareas;
				PRODUCT_NAME = "$(TARGET_NAME)";
				SWIFT_VERSION = 3.0;
			};
			name = Debug;
		};
		970CE4421DEE21AB00A479A7 /* Release */ = {
			isa = XCBuildConfiguration;
			buildSettings = {
				ASSETCATALOG_COMPILER_APPICON_NAME = AppIcon;
				"CODE_SIGN_IDENTITY[sdk=iphoneos*]" = "iPhone Developer";
				DEVELOPMENT_TEAM = GLU2Z7NT53;
				INFOPLIST_FILE = ListaTareas/Info.plist;
				LD_RUNPATH_SEARCH_PATHS = "$(inherited) @executable_path/Frameworks";
				PRODUCT_BUNDLE_IDENTIFIER = com.MikelEreno.ListaTareas;
				PRODUCT_NAME = "$(TARGET_NAME)";
				SWIFT_VERSION = 3.0;
			};
			name = Release;
		};
/* End XCBuildConfiguration section */

/* Begin XCConfigurationList section */
		970CE4291DEE21AB00A479A7 /* Build configuration list for PBXProject "ListaTareas" */ = {
			isa = XCConfigurationList;
			buildConfigurations = (
				970CE43E1DEE21AB00A479A7 /* Debug */,
				970CE43F1DEE21AB00A479A7 /* Release */,
			);
			defaultConfigurationIsVisible = 0;
			defaultConfigurationName = Release;
		};
		970CE4401DEE21AB00A479A7 /* Build configuration list for PBXNativeTarget "ListaTareas" */ = {
			isa = XCConfigurationList;
			buildConfigurations = (
				970CE4411DEE21AB00A479A7 /* Debug */,
				970CE4421DEE21AB00A479A7 /* Release */,
			);
			defaultConfigurationIsVisible = 0;
			defaultConfigurationName = Release;
		};
/* End XCConfigurationList section */
	};
	rootObject = 970CE4261DEE21AB00A479A7 /* Project object */;
}
